
Microsoft Visual Studio Solution File, Format Version 12.00
# Visual Studio Version 17
VisualStudioVersion = 17.5.002.0
MinimumVisualStudioVersion = 10.0.40219.1
Project("{9A19103F-16F7-4668-BE54-9A1E7A4F7556}") = "Sortings", "Sortings\Sortings.csproj", "{EE12B93F-85FC-4D05-BC10-A9D018A1C6F8}"
EndProject
Global
	GlobalSection(SolutionConfigurationPlatforms) = preSolution
		Debug|Any CPU = Debug|Any CPU
		Release|Any CPU = Release|Any CPU
	EndGlobalSection
	GlobalSection(ProjectConfigurationPlatforms) = postSolution
		{EE12B93F-85FC-4D05-BC10-A9D018A1C6F8}.Debug|Any CPU.ActiveCfg = Debug|Any CPU
		{EE12B93F-85FC-4D05-BC10-A9D018A1C6F8}.Debug|Any CPU.Build.0 = Debug|Any CPU
		{EE12B93F-85FC-4D05-BC10-A9D018A1C6F8}.Release|Any CPU.ActiveCfg = Release|Any CPU
		{EE12B93F-85FC-4D05-BC10-A9D018A1C6F8}.Release|Any CPU.Build.0 = Release|Any CPU
	EndGlobalSection
	GlobalSection(SolutionProperties) = preSolution
		HideSolutionNode = FALSE
	EndGlobalSection
	GlobalSection(ExtensibilityGlobals) = postSolution
		SolutionGuid = {7F5A7EF5-DE7F-46D5-9799-F4ABE285B587}
	EndGlobalSection
EndGlobal
